// !$*UTF8*$!
{
	archiveVersion = 1;
	classes = {
	};
	objectVersion = 56;
	objects = {

/* Begin PBXBuildFile section */
		46069A552BFC8D160077CCCF /* TopCollectionViewCell.xib in Resources */ = {isa = PBXBuildFile; fileRef = 46069A542BFC8D160077CCCF /* TopCollectionViewCell.xib */; };
		46069A562BFC8D160077CCCF /* TopCollectionViewCell.swift in Sources */ = {isa = PBXBuildFile; fileRef = 46069A532BFC8D160077CCCF /* TopCollectionViewCell.swift */; };
		4611EA1C2C02277500974D64 /* SkeletonView in Frameworks */ = {isa = PBXBuildFile; productRef = 4611EA1B2C02277500974D64 /* SkeletonView */; };
		4611EA1E2C0240D000974D64 /* SkeletonCell.swift in Sources */ = {isa = PBXBuildFile; fileRef = 4611EA1D2C0240D000974D64 /* SkeletonCell.swift */; };
		4611EA212C026C5F00974D64 /* DetailViewController.swift in Sources */ = {isa = PBXBuildFile; fileRef = 4611EA202C026C5F00974D64 /* DetailViewController.swift */; };
		4611EA232C026C7C00974D64 /* DetailViewModel.swift in Sources */ = {isa = PBXBuildFile; fileRef = 4611EA222C026C7C00974D64 /* DetailViewModel.swift */; };
		4683EC072BF9FCB0005E2B06 /* AppDelegate.swift in Sources */ = {isa = PBXBuildFile; fileRef = 4683EC062BF9FCB0005E2B06 /* AppDelegate.swift */; };
		4683EC092BF9FCB0005E2B06 /* SceneDelegate.swift in Sources */ = {isa = PBXBuildFile; fileRef = 4683EC082BF9FCB0005E2B06 /* SceneDelegate.swift */; };
		4683EC0B2BF9FCB0005E2B06 /* HomeViewController.swift in Sources */ = {isa = PBXBuildFile; fileRef = 4683EC0A2BF9FCB0005E2B06 /* HomeViewController.swift */; };
		4683EC0E2BF9FCB0005E2B06 /* Base in Resources */ = {isa = PBXBuildFile; fileRef = 4683EC0D2BF9FCB0005E2B06 /* Base */; };
		4683EC112BF9FCB0005E2B06 /* GamesApp.xcdatamodeld in Sources */ = {isa = PBXBuildFile; fileRef = 4683EC0F2BF9FCB0005E2B06 /* GamesApp.xcdatamodeld */; };
		4683EC132BF9FCB3005E2B06 /* Assets.xcassets in Resources */ = {isa = PBXBuildFile; fileRef = 4683EC122BF9FCB3005E2B06 /* Assets.xcassets */; };
		4683EC162BF9FCB3005E2B06 /* Base in Resources */ = {isa = PBXBuildFile; fileRef = 4683EC152BF9FCB3005E2B06 /* Base */; };
		4683EC212BF9FCB3005E2B06 /* GamesAppTests.swift in Sources */ = {isa = PBXBuildFile; fileRef = 4683EC202BF9FCB3005E2B06 /* GamesAppTests.swift */; };
		4683EC2B2BF9FCB3005E2B06 /* GamesAppUITests.swift in Sources */ = {isa = PBXBuildFile; fileRef = 4683EC2A2BF9FCB3005E2B06 /* GamesAppUITests.swift */; };
		4683EC2D2BF9FCB3005E2B06 /* GamesAppUITestsLaunchTests.swift in Sources */ = {isa = PBXBuildFile; fileRef = 4683EC2C2BF9FCB3005E2B06 /* GamesAppUITestsLaunchTests.swift */; };
		4683EC3A2BFA02BE005E2B06 /* HomeViewModel.swift in Sources */ = {isa = PBXBuildFile; fileRef = 4683EC392BFA02BD005E2B06 /* HomeViewModel.swift */; };
		4683EC412BFA08FD005E2B06 /* GamesCollectionViewCell.xib in Resources */ = {isa = PBXBuildFile; fileRef = 4683EC402BFA08FD005E2B06 /* GamesCollectionViewCell.xib */; };
		4683EC422BFA08FD005E2B06 /* GamesCollectionViewCell.swift in Sources */ = {isa = PBXBuildFile; fileRef = 4683EC3F2BFA08FD005E2B06 /* GamesCollectionViewCell.swift */; };
		4683EC452BFA0A68005E2B06 /* PostModel.swift in Sources */ = {isa = PBXBuildFile; fileRef = 4683EC442BFA0A68005E2B06 /* PostModel.swift */; };
		4683EC482BFA0B35005E2B06 /* Kingfisher in Frameworks */ = {isa = PBXBuildFile; productRef = 4683EC472BFA0B35005E2B06 /* Kingfisher */; };
		46B724462C0329C2009AF2B4 /* ScreenShotCollectionViewCell.swift in Sources */ = {isa = PBXBuildFile; fileRef = 46B724452C0329C2009AF2B4 /* ScreenShotCollectionViewCell.swift */; };
		46B724482C035156009AF2B4 /* CoreDataManager.swift in Sources */ = {isa = PBXBuildFile; fileRef = 46B724472C035156009AF2B4 /* CoreDataManager.swift */; };
		46B7244C2C036901009AF2B4 /* FavoritesViewController.swift in Sources */ = {isa = PBXBuildFile; fileRef = 46B7244B2C036901009AF2B4 /* FavoritesViewController.swift */; };
		46B7244E2C036913009AF2B4 /* FavoritesViewModel.swift in Sources */ = {isa = PBXBuildFile; fileRef = 46B7244D2C036913009AF2B4 /* FavoritesViewModel.swift */; };
		46B724502C03C58C009AF2B4 /* UIImageExtension.swift in Sources */ = {isa = PBXBuildFile; fileRef = 46B7244F2C03C58C009AF2B4 /* UIImageExtension.swift */; };
		46B724522C03C745009AF2B4 /* UIViewExtension.swift in Sources */ = {isa = PBXBuildFile; fileRef = 46B724512C03C745009AF2B4 /* UIViewExtension.swift */; };
		46C734212BFB63B100B377D4 /* UIViewController+Extension.swift in Sources */ = {isa = PBXBuildFile; fileRef = 46C734202BFB63B100B377D4 /* UIViewController+Extension.swift */; };
		46D506482C008FDF0020E2CA /* LayoutConstansEnum.swift in Sources */ = {isa = PBXBuildFile; fileRef = 46D506472C008FDF0020E2CA /* LayoutConstansEnum.swift */; };
		46D5064A2C0095880020E2CA /* SearchBarEnum.swift in Sources */ = {isa = PBXBuildFile; fileRef = 46D506492C0095880020E2CA /* SearchBarEnum.swift */; };
		46D5064C2C00959E0020E2CA /* AutoScrollEnum.swift in Sources */ = {isa = PBXBuildFile; fileRef = 46D5064B2C00959E0020E2CA /* AutoScrollEnum.swift */; };
		46D5064E2C00BF3E0020E2CA /* UICollectionView.swift in Sources */ = {isa = PBXBuildFile; fileRef = 46D5064D2C00BF3E0020E2CA /* UICollectionView.swift */; };
		46D506512C00C4F70020E2CA /* AlertManager.swift in Sources */ = {isa = PBXBuildFile; fileRef = 46D506502C00C4F70020E2CA /* AlertManager.swift */; };
		46D5065A2C012C110020E2CA /* ParentPlatformEnums.swift in Sources */ = {isa = PBXBuildFile; fileRef = 46D506592C012C110020E2CA /* ParentPlatformEnums.swift */; };
		46D5065E2C012CA70020E2CA /* FilteredOptionCollectionViewCell.xib in Resources */ = {isa = PBXBuildFile; fileRef = 46D5065D2C012CA70020E2CA /* FilteredOptionCollectionViewCell.xib */; };
		46D5065F2C012CA70020E2CA /* FilteredOptionCollectionViewCell.swift in Sources */ = {isa = PBXBuildFile; fileRef = 46D5065C2C012CA70020E2CA /* FilteredOptionCollectionViewCell.swift */; };
		46D506612C01FF170020E2CA /* UICollectionViewCell.swift in Sources */ = {isa = PBXBuildFile; fileRef = 46D506602C01FF170020E2CA /* UICollectionViewCell.swift */; };
		46DF9F562BFE22AD004448D4 /* APIClient.swift in Sources */ = {isa = PBXBuildFile; fileRef = 46DF9F552BFE22AD004448D4 /* APIClient.swift */; };
		46DF9F582BFE22F8004448D4 /* GameService.swift in Sources */ = {isa = PBXBuildFile; fileRef = 46DF9F572BFE22F8004448D4 /* GameService.swift */; };
/* End PBXBuildFile section */

/* Begin PBXContainerItemProxy section */
		4683EC1D2BF9FCB3005E2B06 /* PBXContainerItemProxy */ = {
			isa = PBXContainerItemProxy;
			containerPortal = 4683EBFB2BF9FCB0005E2B06 /* Project object */;
			proxyType = 1;
			remoteGlobalIDString = 4683EC022BF9FCB0005E2B06;
			remoteInfo = GamesApp;
		};
		4683EC272BF9FCB3005E2B06 /* PBXContainerItemProxy */ = {
			isa = PBXContainerItemProxy;
			containerPortal = 4683EBFB2BF9FCB0005E2B06 /* Project object */;
			proxyType = 1;
			remoteGlobalIDString = 4683EC022BF9FCB0005E2B06;
			remoteInfo = GamesApp;
		};
/* End PBXContainerItemProxy section */

/* Begin PBXFileReference section */
		46069A532BFC8D160077CCCF /* TopCollectionViewCell.swift */ = {isa = PBXFileReference; lastKnownFileType = sourcecode.swift; path = TopCollectionViewCell.swift; sourceTree = "<group>"; };
		46069A542BFC8D160077CCCF /* TopCollectionViewCell.xib */ = {isa = PBXFileReference; lastKnownFileType = file.xib; path = TopCollectionViewCell.xib; sourceTree = "<group>"; };
		4611EA1D2C0240D000974D64 /* SkeletonCell.swift */ = {isa = PBXFileReference; lastKnownFileType = sourcecode.swift; path = SkeletonCell.swift; sourceTree = "<group>"; };
		4611EA202C026C5F00974D64 /* DetailViewController.swift */ = {isa = PBXFileReference; lastKnownFileType = sourcecode.swift; path = DetailViewController.swift; sourceTree = "<group>"; };
		4611EA222C026C7C00974D64 /* DetailViewModel.swift */ = {isa = PBXFileReference; lastKnownFileType = sourcecode.swift; path = DetailViewModel.swift; sourceTree = "<group>"; };
		4683EC032BF9FCB0005E2B06 /* GamesApp.app */ = {isa = PBXFileReference; explicitFileType = wrapper.application; includeInIndex = 0; path = GamesApp.app; sourceTree = BUILT_PRODUCTS_DIR; };
		4683EC062BF9FCB0005E2B06 /* AppDelegate.swift */ = {isa = PBXFileReference; lastKnownFileType = sourcecode.swift; path = AppDelegate.swift; sourceTree = "<group>"; };
		4683EC082BF9FCB0005E2B06 /* SceneDelegate.swift */ = {isa = PBXFileReference; lastKnownFileType = sourcecode.swift; path = SceneDelegate.swift; sourceTree = "<group>"; };
		4683EC0A2BF9FCB0005E2B06 /* HomeViewController.swift */ = {isa = PBXFileReference; lastKnownFileType = sourcecode.swift; path = HomeViewController.swift; sourceTree = "<group>"; };
		4683EC0D2BF9FCB0005E2B06 /* Base */ = {isa = PBXFileReference; lastKnownFileType = file.storyboard; name = Base; path = Base.lproj/Main.storyboard; sourceTree = "<group>"; };
		4683EC102BF9FCB0005E2B06 /* GamesApp.xcdatamodel */ = {isa = PBXFileReference; lastKnownFileType = wrapper.xcdatamodel; path = GamesApp.xcdatamodel; sourceTree = "<group>"; };
		4683EC122BF9FCB3005E2B06 /* Assets.xcassets */ = {isa = PBXFileReference; lastKnownFileType = folder.assetcatalog; path = Assets.xcassets; sourceTree = "<group>"; };
		4683EC152BF9FCB3005E2B06 /* Base */ = {isa = PBXFileReference; lastKnownFileType = file.storyboard; name = Base; path = Base.lproj/LaunchScreen.storyboard; sourceTree = "<group>"; };
		4683EC172BF9FCB3005E2B06 /* Info.plist */ = {isa = PBXFileReference; lastKnownFileType = text.plist.xml; path = Info.plist; sourceTree = "<group>"; };
		4683EC1C2BF9FCB3005E2B06 /* GamesAppTests.xctest */ = {isa = PBXFileReference; explicitFileType = wrapper.cfbundle; includeInIndex = 0; path = GamesAppTests.xctest; sourceTree = BUILT_PRODUCTS_DIR; };
		4683EC202BF9FCB3005E2B06 /* GamesAppTests.swift */ = {isa = PBXFileReference; lastKnownFileType = sourcecode.swift; path = GamesAppTests.swift; sourceTree = "<group>"; };
		4683EC262BF9FCB3005E2B06 /* GamesAppUITests.xctest */ = {isa = PBXFileReference; explicitFileType = wrapper.cfbundle; includeInIndex = 0; path = GamesAppUITests.xctest; sourceTree = BUILT_PRODUCTS_DIR; };
		4683EC2A2BF9FCB3005E2B06 /* GamesAppUITests.swift */ = {isa = PBXFileReference; lastKnownFileType = sourcecode.swift; path = GamesAppUITests.swift; sourceTree = "<group>"; };
		4683EC2C2BF9FCB3005E2B06 /* GamesAppUITestsLaunchTests.swift */ = {isa = PBXFileReference; lastKnownFileType = sourcecode.swift; path = GamesAppUITestsLaunchTests.swift; sourceTree = "<group>"; };
		4683EC392BFA02BD005E2B06 /* HomeViewModel.swift */ = {isa = PBXFileReference; lastKnownFileType = sourcecode.swift; path = HomeViewModel.swift; sourceTree = "<group>"; };
		4683EC3F2BFA08FD005E2B06 /* GamesCollectionViewCell.swift */ = {isa = PBXFileReference; lastKnownFileType = sourcecode.swift; path = GamesCollectionViewCell.swift; sourceTree = "<group>"; };
		4683EC402BFA08FD005E2B06 /* GamesCollectionViewCell.xib */ = {isa = PBXFileReference; lastKnownFileType = file.xib; path = GamesCollectionViewCell.xib; sourceTree = "<group>"; };
		4683EC442BFA0A68005E2B06 /* PostModel.swift */ = {isa = PBXFileReference; lastKnownFileType = sourcecode.swift; path = PostModel.swift; sourceTree = "<group>"; };
		46AF786C2C03D08000A63963 /* README.md */ = {isa = PBXFileReference; lastKnownFileType = net.daringfireball.markdown; path = README.md; sourceTree = "<group>"; };
		46B724452C0329C2009AF2B4 /* ScreenShotCollectionViewCell.swift */ = {isa = PBXFileReference; lastKnownFileType = sourcecode.swift; path = ScreenShotCollectionViewCell.swift; sourceTree = "<group>"; };
		46B724472C035156009AF2B4 /* CoreDataManager.swift */ = {isa = PBXFileReference; lastKnownFileType = sourcecode.swift; path = CoreDataManager.swift; sourceTree = "<group>"; };
		46B7244B2C036901009AF2B4 /* FavoritesViewController.swift */ = {isa = PBXFileReference; lastKnownFileType = sourcecode.swift; path = FavoritesViewController.swift; sourceTree = "<group>"; };
		46B7244D2C036913009AF2B4 /* FavoritesViewModel.swift */ = {isa = PBXFileReference; lastKnownFileType = sourcecode.swift; path = FavoritesViewModel.swift; sourceTree = "<group>"; };
		46B7244F2C03C58C009AF2B4 /* UIImageExtension.swift */ = {isa = PBXFileReference; lastKnownFileType = sourcecode.swift; path = UIImageExtension.swift; sourceTree = "<group>"; };
		46B724512C03C745009AF2B4 /* UIViewExtension.swift */ = {isa = PBXFileReference; lastKnownFileType = sourcecode.swift; path = UIViewExtension.swift; sourceTree = "<group>"; };
		46C734202BFB63B100B377D4 /* UIViewController+Extension.swift */ = {isa = PBXFileReference; lastKnownFileType = sourcecode.swift; path = "UIViewController+Extension.swift"; sourceTree = "<group>"; };
		46D506472C008FDF0020E2CA /* LayoutConstansEnum.swift */ = {isa = PBXFileReference; lastKnownFileType = sourcecode.swift; path = LayoutConstansEnum.swift; sourceTree = "<group>"; };
		46D506492C0095880020E2CA /* SearchBarEnum.swift */ = {isa = PBXFileReference; lastKnownFileType = sourcecode.swift; path = SearchBarEnum.swift; sourceTree = "<group>"; };
		46D5064B2C00959E0020E2CA /* AutoScrollEnum.swift */ = {isa = PBXFileReference; lastKnownFileType = sourcecode.swift; path = AutoScrollEnum.swift; sourceTree = "<group>"; };
		46D5064D2C00BF3E0020E2CA /* UICollectionView.swift */ = {isa = PBXFileReference; lastKnownFileType = sourcecode.swift; path = UICollectionView.swift; sourceTree = "<group>"; };
		46D506502C00C4F70020E2CA /* AlertManager.swift */ = {isa = PBXFileReference; lastKnownFileType = sourcecode.swift; path = AlertManager.swift; sourceTree = "<group>"; };
		46D506592C012C110020E2CA /* ParentPlatformEnums.swift */ = {isa = PBXFileReference; lastKnownFileType = sourcecode.swift; path = ParentPlatformEnums.swift; sourceTree = "<group>"; };
		46D5065C2C012CA70020E2CA /* FilteredOptionCollectionViewCell.swift */ = {isa = PBXFileReference; lastKnownFileType = sourcecode.swift; path = FilteredOptionCollectionViewCell.swift; sourceTree = "<group>"; };
		46D5065D2C012CA70020E2CA /* FilteredOptionCollectionViewCell.xib */ = {isa = PBXFileReference; lastKnownFileType = file.xib; path = FilteredOptionCollectionViewCell.xib; sourceTree = "<group>"; };
		46D506602C01FF170020E2CA /* UICollectionViewCell.swift */ = {isa = PBXFileReference; lastKnownFileType = sourcecode.swift; path = UICollectionViewCell.swift; sourceTree = "<group>"; };
		46DF9F552BFE22AD004448D4 /* APIClient.swift */ = {isa = PBXFileReference; lastKnownFileType = sourcecode.swift; path = APIClient.swift; sourceTree = "<group>"; };
		46DF9F572BFE22F8004448D4 /* GameService.swift */ = {isa = PBXFileReference; lastKnownFileType = sourcecode.swift; path = GameService.swift; sourceTree = "<group>"; };
/* End PBXFileReference section */

/* Begin PBXFrameworksBuildPhase section */
		4683EC002BF9FCB0005E2B06 /* Frameworks */ = {
			isa = PBXFrameworksBuildPhase;
			buildActionMask = 2147483647;
			files = (
				4611EA1C2C02277500974D64 /* SkeletonView in Frameworks */,
				4683EC482BFA0B35005E2B06 /* Kingfisher in Frameworks */,
			);
			runOnlyForDeploymentPostprocessing = 0;
		};
		4683EC192BF9FCB3005E2B06 /* Frameworks */ = {
			isa = PBXFrameworksBuildPhase;
			buildActionMask = 2147483647;
			files = (
			);
			runOnlyForDeploymentPostprocessing = 0;
		};
		4683EC232BF9FCB3005E2B06 /* Frameworks */ = {
			isa = PBXFrameworksBuildPhase;
			buildActionMask = 2147483647;
			files = (
			);
			runOnlyForDeploymentPostprocessing = 0;
		};
/* End PBXFrameworksBuildPhase section */

/* Begin PBXGroup section */
		46069A522BFC8CFA0077CCCF /* TopCollectionViewCell */ = {
			isa = PBXGroup;
			children = (
				46069A532BFC8D160077CCCF /* TopCollectionViewCell.swift */,
				46069A542BFC8D160077CCCF /* TopCollectionViewCell.xib */,
			);
			path = TopCollectionViewCell;
			sourceTree = "<group>";
		};
		4611EA1F2C026A0400974D64 /* Detail */ = {
			isa = PBXGroup;
			children = (
				4611EA202C026C5F00974D64 /* DetailViewController.swift */,
				4611EA222C026C7C00974D64 /* DetailViewModel.swift */,
			);
			path = Detail;
			sourceTree = "<group>";
		};
		465B870B2BFE226E00E47F4F /* Network */ = {
			isa = PBXGroup;
			children = (
				46DF9F552BFE22AD004448D4 /* APIClient.swift */,
				46DF9F572BFE22F8004448D4 /* GameService.swift */,
			);
			path = Network;
			sourceTree = "<group>";
		};
		4683EBFA2BF9FCB0005E2B06 = {
			isa = PBXGroup;
			children = (
				46AF786C2C03D08000A63963 /* README.md */,
				4683EC052BF9FCB0005E2B06 /* GamesApp */,
				4683EC1F2BF9FCB3005E2B06 /* GamesAppTests */,
				4683EC292BF9FCB3005E2B06 /* GamesAppUITests */,
				4683EC042BF9FCB0005E2B06 /* Products */,
			);
			sourceTree = "<group>";
		};
		4683EC042BF9FCB0005E2B06 /* Products */ = {
			isa = PBXGroup;
			children = (
				4683EC032BF9FCB0005E2B06 /* GamesApp.app */,
				4683EC1C2BF9FCB3005E2B06 /* GamesAppTests.xctest */,
				4683EC262BF9FCB3005E2B06 /* GamesAppUITests.xctest */,
			);
			name = Products;
			sourceTree = "<group>";
		};
		4683EC052BF9FCB0005E2B06 /* GamesApp */ = {
			isa = PBXGroup;
			children = (
				465B870B2BFE226E00E47F4F /* Network */,
				4683EC3B2BFA030A005E2B06 /* Home */,
				4611EA1F2C026A0400974D64 /* Detail */,
				46B7244A2C0368D0009AF2B4 /* Favourites */,
				46D506462C008FC70020E2CA /* Utils */,
				4683EC492BFB6367005E2B06 /* Extensions */,
				4683EC432BFA0A31005E2B06 /* Models */,
				4683EC3C2BFA0898005E2B06 /* Views */,
				4683EC062BF9FCB0005E2B06 /* AppDelegate.swift */,
				4683EC082BF9FCB0005E2B06 /* SceneDelegate.swift */,
				4683EC0C2BF9FCB0005E2B06 /* Main.storyboard */,
				4683EC122BF9FCB3005E2B06 /* Assets.xcassets */,
				4683EC142BF9FCB3005E2B06 /* LaunchScreen.storyboard */,
				4683EC172BF9FCB3005E2B06 /* Info.plist */,
				4683EC0F2BF9FCB0005E2B06 /* GamesApp.xcdatamodeld */,
			);
			path = GamesApp;
			sourceTree = "<group>";
		};
		4683EC1F2BF9FCB3005E2B06 /* GamesAppTests */ = {
			isa = PBXGroup;
			children = (
				4683EC202BF9FCB3005E2B06 /* GamesAppTests.swift */,
			);
			path = GamesAppTests;
			sourceTree = "<group>";
		};
		4683EC292BF9FCB3005E2B06 /* GamesAppUITests */ = {
			isa = PBXGroup;
			children = (
				4683EC2A2BF9FCB3005E2B06 /* GamesAppUITests.swift */,
				4683EC2C2BF9FCB3005E2B06 /* GamesAppUITestsLaunchTests.swift */,
			);
			path = GamesAppUITests;
			sourceTree = "<group>";
		};
		4683EC3B2BFA030A005E2B06 /* Home */ = {
			isa = PBXGroup;
			children = (
				4683EC392BFA02BD005E2B06 /* HomeViewModel.swift */,
				4683EC0A2BF9FCB0005E2B06 /* HomeViewController.swift */,
			);
			path = Home;
			sourceTree = "<group>";
		};
		4683EC3C2BFA0898005E2B06 /* Views */ = {
			isa = PBXGroup;
			children = (
				46B724442C03299B009AF2B4 /* ScreenshotCollecionViewCell */,
				4683EC3D2BFA08B3005E2B06 /* CustomCells */,
			);
			path = Views;
			sourceTree = "<group>";
		};
		4683EC3D2BFA08B3005E2B06 /* CustomCells */ = {
			isa = PBXGroup;
			children = (
				46D5065B2C012C720020E2CA /* FilteredOptionCell */,
				46069A522BFC8CFA0077CCCF /* TopCollectionViewCell */,
				4683EC3E2BFA08D1005E2B06 /* GamesCollectionViewCell */,
				4611EA1D2C0240D000974D64 /* SkeletonCell.swift */,
			);
			path = CustomCells;
			sourceTree = "<group>";
		};
		4683EC3E2BFA08D1005E2B06 /* GamesCollectionViewCell */ = {
			isa = PBXGroup;
			children = (
				4683EC3F2BFA08FD005E2B06 /* GamesCollectionViewCell.swift */,
				4683EC402BFA08FD005E2B06 /* GamesCollectionViewCell.xib */,
			);
			path = GamesCollectionViewCell;
			sourceTree = "<group>";
		};
		4683EC432BFA0A31005E2B06 /* Models */ = {
			isa = PBXGroup;
			children = (
				4683EC442BFA0A68005E2B06 /* PostModel.swift */,
			);
			path = Models;
			sourceTree = "<group>";
		};
		4683EC492BFB6367005E2B06 /* Extensions */ = {
			isa = PBXGroup;
			children = (
				46C734202BFB63B100B377D4 /* UIViewController+Extension.swift */,
				46D5064D2C00BF3E0020E2CA /* UICollectionView.swift */,
				46D506602C01FF170020E2CA /* UICollectionViewCell.swift */,
				46B7244F2C03C58C009AF2B4 /* UIImageExtension.swift */,
				46B724512C03C745009AF2B4 /* UIViewExtension.swift */,
			);
			path = Extensions;
			sourceTree = "<group>";
		};
		46B724442C03299B009AF2B4 /* ScreenshotCollecionViewCell */ = {
			isa = PBXGroup;
			children = (
				46B724452C0329C2009AF2B4 /* ScreenShotCollectionViewCell.swift */,
			);
			path = ScreenshotCollecionViewCell;
			sourceTree = "<group>";
		};
		46B7244A2C0368D0009AF2B4 /* Favourites */ = {
			isa = PBXGroup;
			children = (
				46B7244B2C036901009AF2B4 /* FavoritesViewController.swift */,
				46B7244D2C036913009AF2B4 /* FavoritesViewModel.swift */,
			);
			path = Favourites;
			sourceTree = "<group>";
		};
		46D506462C008FC70020E2CA /* Utils */ = {
			isa = PBXGroup;
			children = (
				46D5064F2C00C4DD0020E2CA /* Enums */,
				46D506502C00C4F70020E2CA /* AlertManager.swift */,
				46B724472C035156009AF2B4 /* CoreDataManager.swift */,
			);
			path = Utils;
			sourceTree = "<group>";
		};
		46D5064F2C00C4DD0020E2CA /* Enums */ = {
			isa = PBXGroup;
			children = (
				46D506472C008FDF0020E2CA /* LayoutConstansEnum.swift */,
				46D5064B2C00959E0020E2CA /* AutoScrollEnum.swift */,
				46D506492C0095880020E2CA /* SearchBarEnum.swift */,
				46D506592C012C110020E2CA /* ParentPlatformEnums.swift */,
			);
			path = Enums;
			sourceTree = "<group>";
		};
		46D5065B2C012C720020E2CA /* FilteredOptionCell */ = {
			isa = PBXGroup;
			children = (
				46D5065C2C012CA70020E2CA /* FilteredOptionCollectionViewCell.swift */,
				46D5065D2C012CA70020E2CA /* FilteredOptionCollectionViewCell.xib */,
			);
			path = FilteredOptionCell;
			sourceTree = "<group>";
		};
/* End PBXGroup section */

/* Begin PBXNativeTarget section */
		4683EC022BF9FCB0005E2B06 /* GamesApp */ = {
			isa = PBXNativeTarget;
			buildConfigurationList = 4683EC302BF9FCB3005E2B06 /* Build configuration list for PBXNativeTarget "GamesApp" */;
			buildPhases = (
				4683EBFF2BF9FCB0005E2B06 /* Sources */,
				4683EC002BF9FCB0005E2B06 /* Frameworks */,
				4683EC012BF9FCB0005E2B06 /* Resources */,
				462958B82BFE0D37008BAD17 /* ShellScript */,
			);
			buildRules = (
			);
			dependencies = (
			);
			name = GamesApp;
			packageProductDependencies = (
				4683EC472BFA0B35005E2B06 /* Kingfisher */,
				4611EA1B2C02277500974D64 /* SkeletonView */,
			);
			productName = GamesApp;
			productReference = 4683EC032BF9FCB0005E2B06 /* GamesApp.app */;
			productType = "com.apple.product-type.application";
		};
		4683EC1B2BF9FCB3005E2B06 /* GamesAppTests */ = {
			isa = PBXNativeTarget;
			buildConfigurationList = 4683EC332BF9FCB3005E2B06 /* Build configuration list for PBXNativeTarget "GamesAppTests" */;
			buildPhases = (
				4683EC182BF9FCB3005E2B06 /* Sources */,
				4683EC192BF9FCB3005E2B06 /* Frameworks */,
				4683EC1A2BF9FCB3005E2B06 /* Resources */,
			);
			buildRules = (
			);
			dependencies = (
				4683EC1E2BF9FCB3005E2B06 /* PBXTargetDependency */,
			);
			name = GamesAppTests;
			productName = GamesAppTests;
			productReference = 4683EC1C2BF9FCB3005E2B06 /* GamesAppTests.xctest */;
			productType = "com.apple.product-type.bundle.unit-test";
		};
		4683EC252BF9FCB3005E2B06 /* GamesAppUITests */ = {
			isa = PBXNativeTarget;
			buildConfigurationList = 4683EC362BF9FCB3005E2B06 /* Build configuration list for PBXNativeTarget "GamesAppUITests" */;
			buildPhases = (
				4683EC222BF9FCB3005E2B06 /* Sources */,
				4683EC232BF9FCB3005E2B06 /* Frameworks */,
				4683EC242BF9FCB3005E2B06 /* Resources */,
			);
			buildRules = (
			);
			dependencies = (
				4683EC282BF9FCB3005E2B06 /* PBXTargetDependency */,
			);
			name = GamesAppUITests;
			productName = GamesAppUITests;
			productReference = 4683EC262BF9FCB3005E2B06 /* GamesAppUITests.xctest */;
			productType = "com.apple.product-type.bundle.ui-testing";
		};
/* End PBXNativeTarget section */

/* Begin PBXProject section */
		4683EBFB2BF9FCB0005E2B06 /* Project object */ = {
			isa = PBXProject;
			attributes = {
				BuildIndependentTargetsInParallel = 1;
				LastSwiftUpdateCheck = 1530;
				LastUpgradeCheck = 1530;
				TargetAttributes = {
					4683EC022BF9FCB0005E2B06 = {
						CreatedOnToolsVersion = 15.3;
					};
					4683EC1B2BF9FCB3005E2B06 = {
						CreatedOnToolsVersion = 15.3;
						TestTargetID = 4683EC022BF9FCB0005E2B06;
					};
					4683EC252BF9FCB3005E2B06 = {
						CreatedOnToolsVersion = 15.3;
						TestTargetID = 4683EC022BF9FCB0005E2B06;
					};
				};
			};
			buildConfigurationList = 4683EBFE2BF9FCB0005E2B06 /* Build configuration list for PBXProject "GamesApp" */;
			compatibilityVersion = "Xcode 14.0";
			developmentRegion = en;
			hasScannedForEncodings = 0;
			knownRegions = (
				en,
				Base,
			);
			mainGroup = 4683EBFA2BF9FCB0005E2B06;
			packageReferences = (
				4683EC462BFA0B35005E2B06 /* XCRemoteSwiftPackageReference "Kingfisher" */,
				4611EA1A2C02277500974D64 /* XCRemoteSwiftPackageReference "SkeletonView" */,
			);
			productRefGroup = 4683EC042BF9FCB0005E2B06 /* Products */;
			projectDirPath = "";
			projectRoot = "";
			targets = (
				4683EC022BF9FCB0005E2B06 /* GamesApp */,
				4683EC1B2BF9FCB3005E2B06 /* GamesAppTests */,
				4683EC252BF9FCB3005E2B06 /* GamesAppUITests */,
			);
		};
/* End PBXProject section */

/* Begin PBXResourcesBuildPhase section */
		4683EC012BF9FCB0005E2B06 /* Resources */ = {
			isa = PBXResourcesBuildPhase;
			buildActionMask = 2147483647;
			files = (
				46D5065E2C012CA70020E2CA /* FilteredOptionCollectionViewCell.xib in Resources */,
				4683EC412BFA08FD005E2B06 /* GamesCollectionViewCell.xib in Resources */,
				4683EC132BF9FCB3005E2B06 /* Assets.xcassets in Resources */,
				4683EC162BF9FCB3005E2B06 /* Base in Resources */,
				46069A552BFC8D160077CCCF /* TopCollectionViewCell.xib in Resources */,
				4683EC0E2BF9FCB0005E2B06 /* Base in Resources */,
			);
			runOnlyForDeploymentPostprocessing = 0;
		};
		4683EC1A2BF9FCB3005E2B06 /* Resources */ = {
			isa = PBXResourcesBuildPhase;
			buildActionMask = 2147483647;
			files = (
			);
			runOnlyForDeploymentPostprocessing = 0;
		};
		4683EC242BF9FCB3005E2B06 /* Resources */ = {
			isa = PBXResourcesBuildPhase;
			buildActionMask = 2147483647;
			files = (
			);
			runOnlyForDeploymentPostprocessing = 0;
		};
/* End PBXResourcesBuildPhase section */

/* Begin PBXShellScriptBuildPhase section */
		462958B82BFE0D37008BAD17 /* ShellScript */ = {
			isa = PBXShellScriptBuildPhase;
			alwaysOutOfDate = 1;
			buildActionMask = 2147483647;
			files = (
			);
			inputFileListPaths = (
			);
			inputPaths = (
				"${SRCROOT}/**/*.swift",
			);
			outputFileListPaths = (
			);
			outputPaths = (
				"${SRCROOT}/swiftlint_autofix_output",
			);
			runOnlyForDeploymentPostprocessing = 0;
			shellPath = /bin/sh;
			shellScript = "if [[ \"$(uname -m)\" == arm64 ]]\nthen\n    export PATH=\"/opt/homebrew/bin:$PATH\"\nfi\n\nif command -v swiftlint >/dev/null 2>&1\nthen\n    swiftlint\nelse\n    echo \"warning: `swiftlint` command not found - See https://github.com/realm/SwiftLint#installation for installation instructions.\"\nfi\n";
		};
/* End PBXShellScriptBuildPhase section */

/* Begin PBXSourcesBuildPhase section */
		4683EBFF2BF9FCB0005E2B06 /* Sources */ = {
			isa = PBXSourcesBuildPhase;
			buildActionMask = 2147483647;
			files = (
				46B7244C2C036901009AF2B4 /* FavoritesViewController.swift in Sources */,
				46D506512C00C4F70020E2CA /* AlertManager.swift in Sources */,
				4611EA1E2C0240D000974D64 /* SkeletonCell.swift in Sources */,
				46B724462C0329C2009AF2B4 /* ScreenShotCollectionViewCell.swift in Sources */,
				46D5064E2C00BF3E0020E2CA /* UICollectionView.swift in Sources */,
				46D506612C01FF170020E2CA /* UICollectionViewCell.swift in Sources */,
				46DF9F582BFE22F8004448D4 /* GameService.swift in Sources */,
				46D5065F2C012CA70020E2CA /* FilteredOptionCollectionViewCell.swift in Sources */,
				46D5064A2C0095880020E2CA /* SearchBarEnum.swift in Sources */,
				46069A562BFC8D160077CCCF /* TopCollectionViewCell.swift in Sources */,
				46D5065A2C012C110020E2CA /* ParentPlatformEnums.swift in Sources */,
				46D506482C008FDF0020E2CA /* LayoutConstansEnum.swift in Sources */,
				46C734212BFB63B100B377D4 /* UIViewController+Extension.swift in Sources */,
				4611EA232C026C7C00974D64 /* DetailViewModel.swift in Sources */,
				4611EA212C026C5F00974D64 /* DetailViewController.swift in Sources */,
				4683EC0B2BF9FCB0005E2B06 /* HomeViewController.swift in Sources */,
				46DF9F562BFE22AD004448D4 /* APIClient.swift in Sources */,
				4683EC072BF9FCB0005E2B06 /* AppDelegate.swift in Sources */,
				46B724482C035156009AF2B4 /* CoreDataManager.swift in Sources */,
				4683EC092BF9FCB0005E2B06 /* SceneDelegate.swift in Sources */,
				46B7244E2C036913009AF2B4 /* FavoritesViewModel.swift in Sources */,
				4683EC452BFA0A68005E2B06 /* PostModel.swift in Sources */,
				46B724502C03C58C009AF2B4 /* UIImageExtension.swift in Sources */,
				46B724522C03C745009AF2B4 /* UIViewExtension.swift in Sources */,
				4683EC3A2BFA02BE005E2B06 /* HomeViewModel.swift in Sources */,
				4683EC422BFA08FD005E2B06 /* GamesCollectionViewCell.swift in Sources */,
				46D5064C2C00959E0020E2CA /* AutoScrollEnum.swift in Sources */,
				4683EC112BF9FCB0005E2B06 /* GamesApp.xcdatamodeld in Sources */,
			);
			runOnlyForDeploymentPostprocessing = 0;
		};
		4683EC182BF9FCB3005E2B06 /* Sources */ = {
			isa = PBXSourcesBuildPhase;
			buildActionMask = 2147483647;
			files = (
				4683EC212BF9FCB3005E2B06 /* GamesAppTests.swift in Sources */,
			);
			runOnlyForDeploymentPostprocessing = 0;
		};
		4683EC222BF9FCB3005E2B06 /* Sources */ = {
			isa = PBXSourcesBuildPhase;
			buildActionMask = 2147483647;
			files = (
				4683EC2D2BF9FCB3005E2B06 /* GamesAppUITestsLaunchTests.swift in Sources */,
				4683EC2B2BF9FCB3005E2B06 /* GamesAppUITests.swift in Sources */,
			);
			runOnlyForDeploymentPostprocessing = 0;
		};
/* End PBXSourcesBuildPhase section */

/* Begin PBXTargetDependency section */
		4683EC1E2BF9FCB3005E2B06 /* PBXTargetDependency */ = {
			isa = PBXTargetDependency;
			target = 4683EC022BF9FCB0005E2B06 /* GamesApp */;
			targetProxy = 4683EC1D2BF9FCB3005E2B06 /* PBXContainerItemProxy */;
		};
		4683EC282BF9FCB3005E2B06 /* PBXTargetDependency */ = {
			isa = PBXTargetDependency;
			target = 4683EC022BF9FCB0005E2B06 /* GamesApp */;
			targetProxy = 4683EC272BF9FCB3005E2B06 /* PBXContainerItemProxy */;
		};
/* End PBXTargetDependency section */

/* Begin PBXVariantGroup section */
		4683EC0C2BF9FCB0005E2B06 /* Main.storyboard */ = {
			isa = PBXVariantGroup;
			children = (
				4683EC0D2BF9FCB0005E2B06 /* Base */,
			);
			name = Main.storyboard;
			sourceTree = "<group>";
		};
		4683EC142BF9FCB3005E2B06 /* LaunchScreen.storyboard */ = {
			isa = PBXVariantGroup;
			children = (
				4683EC152BF9FCB3005E2B06 /* Base */,
			);
			name = LaunchScreen.storyboard;
			sourceTree = "<group>";
		};
/* End PBXVariantGroup section */

/* Begin XCBuildConfiguration section */
		4683EC2E2BF9FCB3005E2B06 /* Debug */ = {
			isa = XCBuildConfiguration;
			buildSettings = {
				ALWAYS_SEARCH_USER_PATHS = NO;
				ASSETCATALOG_COMPILER_GENERATE_SWIFT_ASSET_SYMBOL_EXTENSIONS = YES;
				CLANG_ANALYZER_NONNULL = YES;
				CLANG_ANALYZER_NUMBER_OBJECT_CONVERSION = YES_AGGRESSIVE;
				CLANG_CXX_LANGUAGE_STANDARD = "gnu++20";
				CLANG_ENABLE_MODULES = YES;
				CLANG_ENABLE_OBJC_ARC = YES;
				CLANG_ENABLE_OBJC_WEAK = YES;
				CLANG_WARN_BLOCK_CAPTURE_AUTORELEASING = YES;
				CLANG_WARN_BOOL_CONVERSION = YES;
				CLANG_WARN_COMMA = YES;
				CLANG_WARN_CONSTANT_CONVERSION = YES;
				CLANG_WARN_DEPRECATED_OBJC_IMPLEMENTATIONS = YES;
				CLANG_WARN_DIRECT_OBJC_ISA_USAGE = YES_ERROR;
				CLANG_WARN_DOCUMENTATION_COMMENTS = YES;
				CLANG_WARN_EMPTY_BODY = YES;
				CLANG_WARN_ENUM_CONVERSION = YES;
				CLANG_WARN_INFINITE_RECURSION = YES;
				CLANG_WARN_INT_CONVERSION = YES;
				CLANG_WARN_NON_LITERAL_NULL_CONVERSION = YES;
				CLANG_WARN_OBJC_IMPLICIT_RETAIN_SELF = YES;
				CLANG_WARN_OBJC_LITERAL_CONVERSION = YES;
				CLANG_WARN_OBJC_ROOT_CLASS = YES_ERROR;
				CLANG_WARN_QUOTED_INCLUDE_IN_FRAMEWORK_HEADER = YES;
				CLANG_WARN_RANGE_LOOP_ANALYSIS = YES;
				CLANG_WARN_STRICT_PROTOTYPES = YES;
				CLANG_WARN_SUSPICIOUS_MOVE = YES;
				CLANG_WARN_UNGUARDED_AVAILABILITY = YES_AGGRESSIVE;
				CLANG_WARN_UNREACHABLE_CODE = YES;
				CLANG_WARN__DUPLICATE_METHOD_MATCH = YES;
				COPY_PHASE_STRIP = NO;
				DEBUG_INFORMATION_FORMAT = dwarf;
				ENABLE_STRICT_OBJC_MSGSEND = YES;
				ENABLE_TESTABILITY = YES;
				ENABLE_USER_SCRIPT_SANDBOXING = YES;
				GCC_C_LANGUAGE_STANDARD = gnu17;
				GCC_DYNAMIC_NO_PIC = NO;
				GCC_NO_COMMON_BLOCKS = YES;
				GCC_OPTIMIZATION_LEVEL = 0;
				GCC_PREPROCESSOR_DEFINITIONS = (
					"DEBUG=1",
					"$(inherited)",
				);
				GCC_WARN_64_TO_32_BIT_CONVERSION = YES;
				GCC_WARN_ABOUT_RETURN_TYPE = YES_ERROR;
				GCC_WARN_UNDECLARED_SELECTOR = YES;
				GCC_WARN_UNINITIALIZED_AUTOS = YES_AGGRESSIVE;
				GCC_WARN_UNUSED_FUNCTION = YES;
				GCC_WARN_UNUSED_VARIABLE = YES;
				IPHONEOS_DEPLOYMENT_TARGET = 17.4;
				LOCALIZATION_PREFERS_STRING_CATALOGS = YES;
				MTL_ENABLE_DEBUG_INFO = INCLUDE_SOURCE;
				MTL_FAST_MATH = YES;
				ONLY_ACTIVE_ARCH = YES;
				SDKROOT = iphoneos;
				SWIFT_ACTIVE_COMPILATION_CONDITIONS = "DEBUG $(inherited)";
				SWIFT_OPTIMIZATION_LEVEL = "-Onone";
			};
			name = Debug;
		};
		4683EC2F2BF9FCB3005E2B06 /* Release */ = {
			isa = XCBuildConfiguration;
			buildSettings = {
				ALWAYS_SEARCH_USER_PATHS = NO;
				ASSETCATALOG_COMPILER_GENERATE_SWIFT_ASSET_SYMBOL_EXTENSIONS = YES;
				CLANG_ANALYZER_NONNULL = YES;
				CLANG_ANALYZER_NUMBER_OBJECT_CONVERSION = YES_AGGRESSIVE;
				CLANG_CXX_LANGUAGE_STANDARD = "gnu++20";
				CLANG_ENABLE_MODULES = YES;
				CLANG_ENABLE_OBJC_ARC = YES;
				CLANG_ENABLE_OBJC_WEAK = YES;
				CLANG_WARN_BLOCK_CAPTURE_AUTORELEASING = YES;
				CLANG_WARN_BOOL_CONVERSION = YES;
				CLANG_WARN_COMMA = YES;
				CLANG_WARN_CONSTANT_CONVERSION = YES;
				CLANG_WARN_DEPRECATED_OBJC_IMPLEMENTATIONS = YES;
				CLANG_WARN_DIRECT_OBJC_ISA_USAGE = YES_ERROR;
				CLANG_WARN_DOCUMENTATION_COMMENTS = YES;
				CLANG_WARN_EMPTY_BODY = YES;
				CLANG_WARN_ENUM_CONVERSION = YES;
				CLANG_WARN_INFINITE_RECURSION = YES;
				CLANG_WARN_INT_CONVERSION = YES;
				CLANG_WARN_NON_LITERAL_NULL_CONVERSION = YES;
				CLANG_WARN_OBJC_IMPLICIT_RETAIN_SELF = YES;
				CLANG_WARN_OBJC_LITERAL_CONVERSION = YES;
				CLANG_WARN_OBJC_ROOT_CLASS = YES_ERROR;
				CLANG_WARN_QUOTED_INCLUDE_IN_FRAMEWORK_HEADER = YES;
				CLANG_WARN_RANGE_LOOP_ANALYSIS = YES;
				CLANG_WARN_STRICT_PROTOTYPES = YES;
				CLANG_WARN_SUSPICIOUS_MOVE = YES;
				CLANG_WARN_UNGUARDED_AVAILABILITY = YES_AGGRESSIVE;
				CLANG_WARN_UNREACHABLE_CODE = YES;
				CLANG_WARN__DUPLICATE_METHOD_MATCH = YES;
				COPY_PHASE_STRIP = NO;
				DEBUG_INFORMATION_FORMAT = "dwarf-with-dsym";
				ENABLE_NS_ASSERTIONS = NO;
				ENABLE_STRICT_OBJC_MSGSEND = YES;
				ENABLE_USER_SCRIPT_SANDBOXING = YES;
				GCC_C_LANGUAGE_STANDARD = gnu17;
				GCC_NO_COMMON_BLOCKS = YES;
				GCC_WARN_64_TO_32_BIT_CONVERSION = YES;
				GCC_WARN_ABOUT_RETURN_TYPE = YES_ERROR;
				GCC_WARN_UNDECLARED_SELECTOR = YES;
				GCC_WARN_UNINITIALIZED_AUTOS = YES_AGGRESSIVE;
				GCC_WARN_UNUSED_FUNCTION = YES;
				GCC_WARN_UNUSED_VARIABLE = YES;
				IPHONEOS_DEPLOYMENT_TARGET = 17.4;
				LOCALIZATION_PREFERS_STRING_CATALOGS = YES;
				MTL_ENABLE_DEBUG_INFO = NO;
				MTL_FAST_MATH = YES;
				SDKROOT = iphoneos;
				SWIFT_COMPILATION_MODE = wholemodule;
				VALIDATE_PRODUCT = YES;
			};
			name = Release;
		};
		4683EC312BF9FCB3005E2B06 /* Debug */ = {
			isa = XCBuildConfiguration;
			buildSettings = {
				ASSETCATALOG_COMPILER_APPICON_NAME = AppIcon;
				ASSETCATALOG_COMPILER_GLOBAL_ACCENT_COLOR_NAME = AccentColor;
				CODE_SIGN_STYLE = Automatic;
				CURRENT_PROJECT_VERSION = 1;
				DEVELOPMENT_TEAM = H5Z575J4ZY;
				ENABLE_USER_SCRIPT_SANDBOXING = NO;
				GENERATE_INFOPLIST_FILE = YES;
				INFOPLIST_FILE = GamesApp/Info.plist;
				INFOPLIST_KEY_UIApplicationSupportsIndirectInputEvents = YES;
				INFOPLIST_KEY_UILaunchStoryboardName = LaunchScreen;
				INFOPLIST_KEY_UIMainStoryboardFile = Main;
				INFOPLIST_KEY_UISupportedInterfaceOrientations_iPad = "UIInterfaceOrientationPortrait UIInterfaceOrientationPortraitUpsideDown UIInterfaceOrientationLandscapeLeft UIInterfaceOrientationLandscapeRight";
				INFOPLIST_KEY_UISupportedInterfaceOrientations_iPhone = "UIInterfaceOrientationPortrait UIInterfaceOrientationLandscapeLeft UIInterfaceOrientationLandscapeRight";
				IPHONEOS_DEPLOYMENT_TARGET = 15.5;
				LD_RUNPATH_SEARCH_PATHS = (
					"$(inherited)",
					"@executable_path/Frameworks",
				);
				MARKETING_VERSION = 1.0;
				PRODUCT_BUNDLE_IDENTIFIER = deneme.GamesApp;
				PRODUCT_NAME = "$(TARGET_NAME)";
				SWIFT_EMIT_LOC_STRINGS = YES;
				SWIFT_VERSION = 5.0;
				TARGETED_DEVICE_FAMILY = "1,2";
			};
			name = Debug;
		};
		4683EC322BF9FCB3005E2B06 /* Release */ = {
			isa = XCBuildConfiguration;
			buildSettings = {
				ASSETCATALOG_COMPILER_APPICON_NAME = AppIcon;
				ASSETCATALOG_COMPILER_GLOBAL_ACCENT_COLOR_NAME = AccentColor;
				CODE_SIGN_STYLE = Automatic;
				CURRENT_PROJECT_VERSION = 1;
				DEVELOPMENT_TEAM = H5Z575J4ZY;
				ENABLE_USER_SCRIPT_SANDBOXING = NO;
				GENERATE_INFOPLIST_FILE = YES;
				INFOPLIST_FILE = GamesApp/Info.plist;
				INFOPLIST_KEY_UIApplicationSupportsIndirectInputEvents = YES;
				INFOPLIST_KEY_UILaunchStoryboardName = LaunchScreen;
				INFOPLIST_KEY_UIMainStoryboardFile = Main;
				INFOPLIST_KEY_UISupportedInterfaceOrientations_iPad = "UIInterfaceOrientationPortrait UIInterfaceOrientationPortraitUpsideDown UIInterfaceOrientationLandscapeLeft UIInterfaceOrientationLandscapeRight";
				INFOPLIST_KEY_UISupportedInterfaceOrientations_iPhone = "UIInterfaceOrientationPortrait UIInterfaceOrientationLandscapeLeft UIInterfaceOrientationLandscapeRight";
				IPHONEOS_DEPLOYMENT_TARGET = 15.5;
				LD_RUNPATH_SEARCH_PATHS = (
					"$(inherited)",
					"@executable_path/Frameworks",
				);
				MARKETING_VERSION = 1.0;
				PRODUCT_BUNDLE_IDENTIFIER = deneme.GamesApp;
				PRODUCT_NAME = "$(TARGET_NAME)";
				SWIFT_EMIT_LOC_STRINGS = YES;
				SWIFT_VERSION = 5.0;
				TARGETED_DEVICE_FAMILY = "1,2";
			};
			name = Release;
		};
		4683EC342BF9FCB3005E2B06 /* Debug */ = {
			isa = XCBuildConfiguration;
			buildSettings = {
				ALWAYS_EMBED_SWIFT_STANDARD_LIBRARIES = YES;
				BUNDLE_LOADER = "$(TEST_HOST)";
				CODE_SIGN_STYLE = Automatic;
				CURRENT_PROJECT_VERSION = 1;
				DEVELOPMENT_TEAM = H5Z575J4ZY;
				GENERATE_INFOPLIST_FILE = YES;
				IPHONEOS_DEPLOYMENT_TARGET = 17.4;
				MARKETING_VERSION = 1.0;
				PRODUCT_BUNDLE_IDENTIFIER = deneme.GamesAppTests;
				PRODUCT_NAME = "$(TARGET_NAME)";
				SWIFT_EMIT_LOC_STRINGS = NO;
				SWIFT_VERSION = 5.0;
				TARGETED_DEVICE_FAMILY = "1,2";
				TEST_HOST = "$(BUILT_PRODUCTS_DIR)/GamesApp.app/$(BUNDLE_EXECUTABLE_FOLDER_PATH)/GamesApp";
			};
			name = Debug;
		};
		4683EC352BF9FCB3005E2B06 /* Release */ = {
			isa = XCBuildConfiguration;
			buildSettings = {
				ALWAYS_EMBED_SWIFT_STANDARD_LIBRARIES = YES;
				BUNDLE_LOADER = "$(TEST_HOST)";
				CODE_SIGN_STYLE = Automatic;
				CURRENT_PROJECT_VERSION = 1;
				DEVELOPMENT_TEAM = H5Z575J4ZY;
				GENERATE_INFOPLIST_FILE = YES;
				IPHONEOS_DEPLOYMENT_TARGET = 17.4;
				MARKETING_VERSION = 1.0;
				PRODUCT_BUNDLE_IDENTIFIER = deneme.GamesAppTests;
				PRODUCT_NAME = "$(TARGET_NAME)";
				SWIFT_EMIT_LOC_STRINGS = NO;
				SWIFT_VERSION = 5.0;
				TARGETED_DEVICE_FAMILY = "1,2";
				TEST_HOST = "$(BUILT_PRODUCTS_DIR)/GamesApp.app/$(BUNDLE_EXECUTABLE_FOLDER_PATH)/GamesApp";
			};
			name = Release;
		};
		4683EC372BF9FCB3005E2B06 /* Debug */ = {
			isa = XCBuildConfiguration;
			buildSettings = {
				ALWAYS_EMBED_SWIFT_STANDARD_LIBRARIES = YES;
				CODE_SIGN_STYLE = Automatic;
				CURRENT_PROJECT_VERSION = 1;
				DEVELOPMENT_TEAM = H5Z575J4ZY;
				GENERATE_INFOPLIST_FILE = YES;
				MARKETING_VERSION = 1.0;
				PRODUCT_BUNDLE_IDENTIFIER = deneme.GamesAppUITests;
				PRODUCT_NAME = "$(TARGET_NAME)";
				SWIFT_EMIT_LOC_STRINGS = NO;
				SWIFT_VERSION = 5.0;
				TARGETED_DEVICE_FAMILY = "1,2";
				TEST_TARGET_NAME = GamesApp;
			};
			name = Debug;
		};
		4683EC382BF9FCB3005E2B06 /* Release */ = {
			isa = XCBuildConfiguration;
			buildSettings = {
				ALWAYS_EMBED_SWIFT_STANDARD_LIBRARIES = YES;
				CODE_SIGN_STYLE = Automatic;
				CURRENT_PROJECT_VERSION = 1;
				DEVELOPMENT_TEAM = H5Z575J4ZY;
				GENERATE_INFOPLIST_FILE = YES;
				MARKETING_VERSION = 1.0;
				PRODUCT_BUNDLE_IDENTIFIER = deneme.GamesAppUITests;
				PRODUCT_NAME = "$(TARGET_NAME)";
				SWIFT_EMIT_LOC_STRINGS = NO;
				SWIFT_VERSION = 5.0;
				TARGETED_DEVICE_FAMILY = "1,2";
				TEST_TARGET_NAME = GamesApp;
			};
			name = Release;
		};
/* End XCBuildConfiguration section */

/* Begin XCConfigurationList section */
		4683EBFE2BF9FCB0005E2B06 /* Build configuration list for PBXProject "GamesApp" */ = {
			isa = XCConfigurationList;
			buildConfigurations = (
				4683EC2E2BF9FCB3005E2B06 /* Debug */,
				4683EC2F2BF9FCB3005E2B06 /* Release */,
			);
			defaultConfigurationIsVisible = 0;
			defaultConfigurationName = Release;
		};
		4683EC302BF9FCB3005E2B06 /* Build configuration list for PBXNativeTarget "GamesApp" */ = {
			isa = XCConfigurationList;
			buildConfigurations = (
				4683EC312BF9FCB3005E2B06 /* Debug */,
				4683EC322BF9FCB3005E2B06 /* Release */,
			);
			defaultConfigurationIsVisible = 0;
			defaultConfigurationName = Release;
		};
		4683EC332BF9FCB3005E2B06 /* Build configuration list for PBXNativeTarget "GamesAppTests" */ = {
			isa = XCConfigurationList;
			buildConfigurations = (
				4683EC342BF9FCB3005E2B06 /* Debug */,
				4683EC352BF9FCB3005E2B06 /* Release */,
			);
			defaultConfigurationIsVisible = 0;
			defaultConfigurationName = Release;
		};
		4683EC362BF9FCB3005E2B06 /* Build configuration list for PBXNativeTarget "GamesAppUITests" */ = {
			isa = XCConfigurationList;
			buildConfigurations = (
				4683EC372BF9FCB3005E2B06 /* Debug */,
				4683EC382BF9FCB3005E2B06 /* Release */,
			);
			defaultConfigurationIsVisible = 0;
			defaultConfigurationName = Release;
		};
/* End XCConfigurationList section */

/* Begin XCRemoteSwiftPackageReference section */
		4611EA1A2C02277500974D64 /* XCRemoteSwiftPackageReference "SkeletonView" */ = {
			isa = XCRemoteSwiftPackageReference;
			repositoryURL = "https://github.com/Juanpe/SkeletonView.git";
			requirement = {
				kind = upToNextMajorVersion;
				minimumVersion = 1.31.0;
			};
		};
		4683EC462BFA0B35005E2B06 /* XCRemoteSwiftPackageReference "Kingfisher" */ = {
			isa = XCRemoteSwiftPackageReference;
			repositoryURL = "https://github.com/onevcat/Kingfisher.git";
			requirement = {
				kind = upToNextMajorVersion;
				minimumVersion = 7.11.0;
			};
		};
/* End XCRemoteSwiftPackageReference section */

/* Begin XCSwiftPackageProductDependency section */
		4611EA1B2C02277500974D64 /* SkeletonView */ = {
			isa = XCSwiftPackageProductDependency;
			package = 4611EA1A2C02277500974D64 /* XCRemoteSwiftPackageReference "SkeletonView" */;
			productName = SkeletonView;
		};
		4683EC472BFA0B35005E2B06 /* Kingfisher */ = {
			isa = XCSwiftPackageProductDependency;
			package = 4683EC462BFA0B35005E2B06 /* XCRemoteSwiftPackageReference "Kingfisher" */;
			productName = Kingfisher;
		};
/* End XCSwiftPackageProductDependency section */

/* Begin XCVersionGroup section */
		4683EC0F2BF9FCB0005E2B06 /* GamesApp.xcdatamodeld */ = {
			isa = XCVersionGroup;
			children = (
				4683EC102BF9FCB0005E2B06 /* GamesApp.xcdatamodel */,
			);
			currentVersion = 4683EC102BF9FCB0005E2B06 /* GamesApp.xcdatamodel */;
			path = GamesApp.xcdatamodeld;
			sourceTree = "<group>";
			versionGroupType = wrapper.xcdatamodel;
		};
/* End XCVersionGroup section */
	};
	rootObject = 4683EBFB2BF9FCB0005E2B06 /* Project object */;
}
